# THIS IS AN AUTOGENERATED FILE. DO NOT EDIT THIS FILE DIRECTLY.
# yarn lockfile v1


"@adraffy/cid@^0.0.6":
  version "0.0.6"
  resolved "https://registry.npmjs.org/@adraffy/cid/-/cid-0.0.6.tgz"
  integrity sha512-LPVCM0/JvJ0nYDPfLzEt60Xo7AAAvbbbt7wmgpcUeqUoR3dQVr4oth9m5aX4r+7TkfMEyGx3/ap9aHFe7/30Eg==

"@adraffy/ens-normalize@^1.10.1", "@adraffy/ens-normalize@1.10.1":
  version "1.10.1"
  resolved "https://registry.npmjs.org/@adraffy/ens-normalize/-/ens-normalize-1.10.1.tgz"
  integrity sha512-96Z2IP3mYmF1Xg2cDm8f1gWGf/HUVedQ3FMifV4kG/PQ4yEP51xDtRAEfhVNt5f/uzpNkZHwWQuUcu6D6K+Ekw==

"@ensdomains/address-encoder@^1.0.0", "@ensdomains/address-encoder@^1.1.1":
  version "1.1.1"
  resolved "https://registry.npmjs.org/@ensdomains/address-encoder/-/address-encoder-1.1.1.tgz"
  integrity sha512-yg7s+suCuKRhaGsgLu57W/jxIs/Lnqs/SU7jT7UwS4ATSnW94jbUCbmyyZ82CQwKsmwaUE8uYvvVb4N6lfz29A==
  dependencies:
    "@noble/curves" "^1.2.0"
    "@noble/hashes" "^1.3.2"
    "@scure/base" "^1.1.5"

"@namestone/ezccip@^0.1.0":
  version "0.1.0"
  resolved "https://registry.npmjs.org/@namestone/ezccip/-/ezccip-0.1.0.tgz"
  integrity sha512-SQdpp8r/U0YL1w0zE6Ne8yVOBf0sV2Pw8HQXhsF7sKlMsgFbhq9d0crJ2H4l+N9ALIhvm340jQWlSCT8zRzAWg==
  dependencies:
    ethers "^6.13.4"

"@noble/curves@^1.2.0", "@noble/curves@^1.9.2":
  version "1.9.2"
  resolved "https://registry.npmjs.org/@noble/curves/-/curves-1.9.2.tgz"
  integrity sha512-HxngEd2XUcg9xi20JkwlLCtYwfoFw4JGkuZpT+WlsPD4gB/cxkvTD8fSsoAnphGZhFdZYKeQIPCuFlWPm1uE0g==
  dependencies:
    "@noble/hashes" "1.8.0"

"@noble/curves@1.2.0":
  version "1.2.0"
  resolved "https://registry.npmjs.org/@noble/curves/-/curves-1.2.0.tgz"
  integrity sha512-oYclrNgRaM9SsBUBVbb8M6DTV7ZHRTKugureoYEncY5c65HOmRzvSiTE3y5CYaPYJA/GVkrhXEoF0M3Ya9PMnw==
  dependencies:
    "@noble/hashes" "1.3.2"

"@noble/hashes@^1.3.2", "@noble/hashes@^1.3.3", "@noble/hashes@^1.8.0", "@noble/hashes@1.8.0":
  version "1.8.0"
  resolved "https://registry.npmjs.org/@noble/hashes/-/hashes-1.8.0.tgz"
  integrity sha512-jCs9ldd7NwzpgXDIf6P3+NrHh9/sD6CQdxHyjQI+h/6rDNo88ypBxxz45UDuZHz9r3tNz7N/VInSVoVdtXEI4A==

"@noble/hashes@1.3.2":
  version "1.3.2"
  resolved "https://registry.npmjs.org/@noble/hashes/-/hashes-1.3.2.tgz"
  integrity sha512-MVC8EAQp7MvEcm30KWENFjgR+Mkmf+D189XJTkFIlwohU5hcBbn1ZkKq7KVTi2Hme3PMGF390DaL52beVrIihQ==

"@resolverworks/enson@^0.0.11":
  version "0.0.11"
  resolved "https://registry.npmjs.org/@resolverworks/enson/-/enson-0.0.11.tgz"
  integrity sha512-powYXNUs4Spk+RIlzEgtCUzoWFcEUNyrj+ZbLTKCtmflHSGOccKcKZTeSHmFv/cvbYHjAPKwL8+kHdqn38fm6A==
  dependencies:
    "@adraffy/cid" "^0.0.6"
    "@adraffy/ens-normalize" "^1.10.1"
    "@ensdomains/address-encoder" "^1.1.1"
    "@noble/hashes" "^1.3.3"

"@scure/base@^1.1.5":
  version "1.1.5"
  resolved "https://registry.npmjs.org/@scure/base/-/base-1.1.5.tgz"
  integrity sha512-Brj9FiG2W1MRQSTB212YVPRrcbjkv48FoZi/u4l/zds/ieRrqsh7aUf6CLwkAq61oKXr/ZlTzlY66gLIj3TFTQ==

"@types/node@22.7.5":
  version "22.7.5"
  resolved "https://registry.npmjs.org/@types/node/-/node-22.7.5.tgz"
  integrity sha512-jML7s2NAzMWc//QSJ1a3prpk78cOPchGvXJsC3C6R6PSMoooztvRVQEz89gmBTBY1SPMaqo5teB4uNHPdetShQ==
  dependencies:
    undici-types "~6.19.2"

aes-js@4.0.0-beta.5:
  version "4.0.0-beta.5"
  resolved "https://registry.npmjs.org/aes-js/-/aes-js-4.0.0-beta.5.tgz"
  integrity sha512-G965FqalsNyrPqgEGON7nIx1e/OVENSgiEIzyC63haUMuvNnwIgIjMs52hlTCKhkBny7A2ORNlfY9Zu+jmGk1Q==

ethers@^6.11.1, ethers@^6.13.4:
  version "6.13.5"
  resolved "https://registry.npmjs.org/ethers/-/ethers-6.13.5.tgz"
  integrity sha512-+knKNieu5EKRThQJWwqaJ10a6HE9sSehGeqWN65//wE7j47ZpFhKAnHB/JJFibwwg61I/koxaPsXbXpD/skNOQ==
  dependencies:
    "@adraffy/ens-normalize" "1.10.1"
    "@noble/curves" "1.2.0"
    "@noble/hashes" "1.3.2"
    "@types/node" "22.7.5"
    aes-js "4.0.0-beta.5"
    tslib "2.7.0"
    ws "8.17.1"

postgres@^3.4.3:
  version "3.4.3"
  resolved "https://registry.npmjs.org/postgres/-/postgres-3.4.3.tgz"
  integrity sha512-iHJn4+M9vbTdHSdDzNkC0crHq+1CUdFhx+YqCE+SqWxPjm+Zu63jq7yZborOBF64c8pc58O5uMudyL1FQcHacA==

tslib@2.7.0:
  version "2.7.0"
  resolved "https://registry.npmjs.org/tslib/-/tslib-2.7.0.tgz"
  integrity sha512-gLXCKdN1/j47AiHiOkJN69hJmcbGTHI0ImLmbYLHykhgeN0jVGola9yVjFgzCUklsZQMW55o+dW7IXv3RCXDzA==

undici-types@~6.19.2:
  version "6.19.8"
  resolved "https://registry.npmjs.org/undici-types/-/undici-types-6.19.8.tgz"
  integrity sha512-ve2KP6f/JnbPBFyobGHuerC9g1FYGn/F8n1LWTwNxCEzd6IfqTwUQcNXgEtmmQ6DlRrC1hrSrBnCZPokRrDHjw==

ws@8.17.1:
  version "8.17.1"
  resolved "https://registry.npmjs.org/ws/-/ws-8.17.1.tgz"
  integrity sha512-6XQFvXTkbfUOZOKKILFG1PDK2NDQs4azKQl26T0YS5CxqWLgXajbPZ+h4gZekJyRqFU8pvnbAbbs/3TgRPy+GQ==
